
Microsoft Visual Studio Solution File, Format Version 12.00
# Visual Studio Version 16
VisualStudioVersion = 16.0.29503.13
MinimumVisualStudioVersion = 10.0.40219.1
Project("{9A19103F-16F7-4668-BE54-9A1E7A4F7556}") = "SleekPredictionPunter", "..\Private\SleekPredictionPunter\SleekPredictionPunter.csproj", "{223B318C-935E-408B-B7E6-478AB16E2399}"
EndProject
Global
	GlobalSection(SolutionConfigurationPlatforms) = preSolution
		Debug|Any CPU = Debug|Any CPU
		Release|Any CPU = Release|Any CPU
	EndGlobalSection
	GlobalSection(ProjectConfigurationPlatforms) = postSolution
		{223B318C-935E-408B-B7E6-478AB16E2399}.Debug|Any CPU.ActiveCfg = Debug|Any CPU
		{223B318C-935E-408B-B7E6-478AB16E2399}.Debug|Any CPU.Build.0 = Debug|Any CPU
		{223B318C-935E-408B-B7E6-478AB16E2399}.Release|Any CPU.ActiveCfg = Release|Any CPU
		{223B318C-935E-408B-B7E6-478AB16E2399}.Release|Any CPU.Build.0 = Release|Any CPU
	EndGlobalSection
	GlobalSection(SolutionProperties) = preSolution
		HideSolutionNode = FALSE
	EndGlobalSection
	GlobalSection(ExtensibilityGlobals) = postSolution
		SolutionGuid = {97A460F3-A638-4D3D-A624-511353C9DF37}
	EndGlobalSection
EndGlobal
